# @generated by Move, please check-in and do not edit manually.

[move]
version = 3
manifest_digest = "23BAAEB1F9D7CEFE4D1B944DE1A49296140BA508724749EB444AE619CA183F49"
deps_digest = "F8BBB0CCB2491CA29A3DF03D6F92277A4F3574266507ACD77214D37ECA3F3082"
dependencies = [
  { id = "Sui", name = "Sui" },
]

[[move.package]]
id = "MoveStdlib"
source = { git = "https://github.com/MystenLabs/sui.git", rev = "22de90f2ae2ffb44930c5c2e41f1278f2353a03e", subdir = "crates\\sui-framework\\packages\\move-stdlib" }

[[move.package]]
id = "Sui"
source = { git = "https://github.com/MystenLabs/sui.git", rev = "22de90f2ae2ffb44930c5c2e41f1278f2353a03e", subdir = "crates/sui-framework/packages/sui-framework" }

dependencies = [
  { id = "MoveStdlib", name = "MoveStdlib" },
]

[move.toolchain-version]
compiler-version = "1.43.1"
edition = "2024"
flavor = "sui"

[env]

[env.devnet]
chain-id = "06039fc3"
original-published-id = "0x8a9f130f1876a206be22568b8dfaf1f63a9ae81727bc963dbf7f60f313861b83"
latest-published-id = "0x8a9f130f1876a206be22568b8dfaf1f63a9ae81727bc963dbf7f60f313861b83"
published-version = "1"
